# This file is automatically @generated by Cargo.
# It is not intended for manual editing.
version = 3

[[package]]
name = "mutability_marker"
version = "0.1.1"
source = "registry+https://github.com/rust-lang/crates.io-index"
checksum = "5c1301db9814e681d3ee45b001fd6d2888bb26fb00b84863ed1717829bd62dd5"

[[package]]
name = "sync_rw_cell"
version = "0.1.0"
dependencies = [
 "mutability_marker",
]
